// !$*UTF8*$!
{
	archiveVersion = 1;
	classes = {
	};
	objectVersion = 52;
	objects = {

/* Begin PBXBuildFile section */
		F644ADBF24B2965D0006100B /* AppDelegate.swift in Sources */ = {isa = PBXBuildFile; fileRef = F644ADBE24B2965D0006100B /* AppDelegate.swift */; };
		F644ADC124B2965D0006100B /* SceneDelegate.swift in Sources */ = {isa = PBXBuildFile; fileRef = F644ADC024B2965D0006100B /* SceneDelegate.swift */; };
		F644ADC324B2965D0006100B /* ViewController.swift in Sources */ = {isa = PBXBuildFile; fileRef = F644ADC224B2965D0006100B /* ViewController.swift */; };
		F644ADC624B2965D0006100B /* Main.storyboard in Resources */ = {isa = PBXBuildFile; fileRef = F644ADC424B2965D0006100B /* Main.storyboard */; };
		F644ADC824B2965F0006100B /* Assets.xcassets in Resources */ = {isa = PBXBuildFile; fileRef = F644ADC724B2965F0006100B /* Assets.xcassets */; };
		F644ADCB24B2965F0006100B /* LaunchScreen.storyboard in Resources */ = {isa = PBXBuildFile; fileRef = F644ADC924B2965F0006100B /* LaunchScreen.storyboard */; };
		F644ADD624B2BEBE0006100B /* CloudFileUploader.swift in Sources */ = {isa = PBXBuildFile; fileRef = F644ADD524B2BEBE0006100B /* CloudFileUploader.swift */; };
		F644ADD824B2C37E0006100B /* GoogleService-Info.plist in Resources */ = {isa = PBXBuildFile; fileRef = F644ADD724B2C37E0006100B /* GoogleService-Info.plist */; };
		F644AE0624B2CAF20006100B /* nanopb.xcframework in Frameworks */ = {isa = PBXBuildFile; fileRef = F644ADFB24B2CAF20006100B /* nanopb.xcframework */; };
		F644AE0724B2CAF20006100B /* GoogleAppMeasurement.framework in Frameworks */ = {isa = PBXBuildFile; fileRef = F644ADFC24B2CAF20006100B /* GoogleAppMeasurement.framework */; };
		F644AE0924B2CAF20006100B /* FirebaseAnalytics.framework in Frameworks */ = {isa = PBXBuildFile; fileRef = F644ADFE24B2CAF20006100B /* FirebaseAnalytics.framework */; };
		F644AE0A24B2CAF20006100B /* FirebaseCoreDiagnostics.xcframework in Frameworks */ = {isa = PBXBuildFile; fileRef = F644ADFF24B2CAF20006100B /* FirebaseCoreDiagnostics.xcframework */; };
		F644AE0B24B2CAF20006100B /* FirebaseInstallations.xcframework in Frameworks */ = {isa = PBXBuildFile; fileRef = F644AE0024B2CAF20006100B /* FirebaseInstallations.xcframework */; };
		F644AE0C24B2CAF20006100B /* FirebaseCore.xcframework in Frameworks */ = {isa = PBXBuildFile; fileRef = F644AE0124B2CAF20006100B /* FirebaseCore.xcframework */; };
		F644AE0D24B2CAF20006100B /* GoogleDataTransportCCTSupport.xcframework in Frameworks */ = {isa = PBXBuildFile; fileRef = F644AE0224B2CAF20006100B /* GoogleDataTransportCCTSupport.xcframework */; };
		F644AE0E24B2CAF20006100B /* GoogleDataTransport.xcframework in Frameworks */ = {isa = PBXBuildFile; fileRef = F644AE0324B2CAF20006100B /* GoogleDataTransport.xcframework */; settings = {ATTRIBUTES = (Required, ); }; };
		F644AE0F24B2CAF20006100B /* FIRAnalyticsConnector.framework in Frameworks */ = {isa = PBXBuildFile; fileRef = F644AE0424B2CAF20006100B /* FIRAnalyticsConnector.framework */; };
		F644AE1024B2CAF20006100B /* GoogleUtilities.xcframework in Frameworks */ = {isa = PBXBuildFile; fileRef = F644AE0524B2CAF20006100B /* GoogleUtilities.xcframework */; };
		F644AE1924B2CB3A0006100B /* FirebaseStorage.xcframework in Frameworks */ = {isa = PBXBuildFile; fileRef = F644AE1724B2CB3A0006100B /* FirebaseStorage.xcframework */; };
		F644AE1A24B2CB3A0006100B /* GTMSessionFetcher.xcframework in Frameworks */ = {isa = PBXBuildFile; fileRef = F644AE1824B2CB3A0006100B /* GTMSessionFetcher.xcframework */; };
		F644AE1E24B2CDF20006100B /* PromisesObjC.xcframework in Frameworks */ = {isa = PBXBuildFile; fileRef = F644ADFD24B2CAF20006100B /* PromisesObjC.xcframework */; };
		F644AE2624B4C9580006100B /* StoreKit.framework in Frameworks */ = {isa = PBXBuildFile; fileRef = F644AE2524B4C9580006100B /* StoreKit.framework */; };
		F644AE2824B4C9730006100B /* libsqlite3.tbd in Frameworks */ = {isa = PBXBuildFile; fileRef = F644AE2724B4C9720006100B /* libsqlite3.tbd */; };
		F6C5679A24CFFA2C00F9C182 /* SwiftLogFireCloud in Frameworks */ = {isa = PBXBuildFile; productRef = F6C5679924CFFA2C00F9C182 /* SwiftLogFireCloud */; };
/* End PBXBuildFile section */

/* Begin PBXFileReference section */
		F644ADBB24B2965D0006100B /* SwiftLogFireCloudExampleApp.app */ = {isa = PBXFileReference; explicitFileType = wrapper.application; includeInIndex = 0; path = SwiftLogFireCloudExampleApp.app; sourceTree = BUILT_PRODUCTS_DIR; };
		F644ADBE24B2965D0006100B /* AppDelegate.swift */ = {isa = PBXFileReference; lastKnownFileType = sourcecode.swift; path = AppDelegate.swift; sourceTree = "<group>"; };
		F644ADC024B2965D0006100B /* SceneDelegate.swift */ = {isa = PBXFileReference; lastKnownFileType = sourcecode.swift; path = SceneDelegate.swift; sourceTree = "<group>"; };
		F644ADC224B2965D0006100B /* ViewController.swift */ = {isa = PBXFileReference; lastKnownFileType = sourcecode.swift; path = ViewController.swift; sourceTree = "<group>"; };
		F644ADC524B2965D0006100B /* Base */ = {isa = PBXFileReference; lastKnownFileType = file.storyboard; name = Base; path = Base.lproj/Main.storyboard; sourceTree = "<group>"; };
		F644ADC724B2965F0006100B /* Assets.xcassets */ = {isa = PBXFileReference; lastKnownFileType = folder.assetcatalog; path = Assets.xcassets; sourceTree = "<group>"; };
		F644ADCA24B2965F0006100B /* Base */ = {isa = PBXFileReference; lastKnownFileType = file.storyboard; name = Base; path = Base.lproj/LaunchScreen.storyboard; sourceTree = "<group>"; };
		F644ADCC24B2965F0006100B /* Info.plist */ = {isa = PBXFileReference; lastKnownFileType = text.plist.xml; path = Info.plist; sourceTree = "<group>"; };
		F644ADD524B2BEBE0006100B /* CloudFileUploader.swift */ = {isa = PBXFileReference; lastKnownFileType = sourcecode.swift; path = CloudFileUploader.swift; sourceTree = "<group>"; };
		F644ADD724B2C37E0006100B /* GoogleService-Info.plist */ = {isa = PBXFileReference; fileEncoding = 4; lastKnownFileType = text.plist.xml; path = "GoogleService-Info.plist"; sourceTree = "<group>"; };
		F644ADFB24B2CAF20006100B /* nanopb.xcframework */ = {isa = PBXFileReference; lastKnownFileType = wrapper.xcframework; path = nanopb.xcframework; sourceTree = "<group>"; };
		F644ADFC24B2CAF20006100B /* GoogleAppMeasurement.framework */ = {isa = PBXFileReference; lastKnownFileType = wrapper.framework; path = GoogleAppMeasurement.framework; sourceTree = "<group>"; };
		F644ADFD24B2CAF20006100B /* PromisesObjC.xcframework */ = {isa = PBXFileReference; lastKnownFileType = wrapper.xcframework; path = PromisesObjC.xcframework; sourceTree = "<group>"; };
		F644ADFE24B2CAF20006100B /* FirebaseAnalytics.framework */ = {isa = PBXFileReference; lastKnownFileType = wrapper.framework; path = FirebaseAnalytics.framework; sourceTree = "<group>"; };
		F644ADFF24B2CAF20006100B /* FirebaseCoreDiagnostics.xcframework */ = {isa = PBXFileReference; lastKnownFileType = wrapper.xcframework; path = FirebaseCoreDiagnostics.xcframework; sourceTree = "<group>"; };
		F644AE0024B2CAF20006100B /* FirebaseInstallations.xcframework */ = {isa = PBXFileReference; lastKnownFileType = wrapper.xcframework; path = FirebaseInstallations.xcframework; sourceTree = "<group>"; };
		F644AE0124B2CAF20006100B /* FirebaseCore.xcframework */ = {isa = PBXFileReference; lastKnownFileType = wrapper.xcframework; path = FirebaseCore.xcframework; sourceTree = "<group>"; };
		F644AE0224B2CAF20006100B /* GoogleDataTransportCCTSupport.xcframework */ = {isa = PBXFileReference; lastKnownFileType = wrapper.xcframework; path = GoogleDataTransportCCTSupport.xcframework; sourceTree = "<group>"; };
		F644AE0324B2CAF20006100B /* GoogleDataTransport.xcframework */ = {isa = PBXFileReference; lastKnownFileType = wrapper.xcframework; path = GoogleDataTransport.xcframework; sourceTree = "<group>"; };
		F644AE0424B2CAF20006100B /* FIRAnalyticsConnector.framework */ = {isa = PBXFileReference; lastKnownFileType = wrapper.framework; path = FIRAnalyticsConnector.framework; sourceTree = "<group>"; };
		F644AE0524B2CAF20006100B /* GoogleUtilities.xcframework */ = {isa = PBXFileReference; lastKnownFileType = wrapper.xcframework; path = GoogleUtilities.xcframework; sourceTree = "<group>"; };
		F644AE1724B2CB3A0006100B /* FirebaseStorage.xcframework */ = {isa = PBXFileReference; lastKnownFileType = wrapper.xcframework; path = FirebaseStorage.xcframework; sourceTree = "<group>"; };
		F644AE1824B2CB3A0006100B /* GTMSessionFetcher.xcframework */ = {isa = PBXFileReference; lastKnownFileType = wrapper.xcframework; path = GTMSessionFetcher.xcframework; sourceTree = "<group>"; };
		F644AE1B24B2CB540006100B /* module.modulemap */ = {isa = PBXFileReference; lastKnownFileType = "sourcecode.module-map"; path = module.modulemap; sourceTree = "<group>"; };
		F644AE1D24B2CCB80006100B /* Firebase.h */ = {isa = PBXFileReference; lastKnownFileType = sourcecode.c.h; name = Firebase.h; path = "../../../../../Downloads/Firebase-7/Firebase.h"; sourceTree = "<group>"; };
		F644AE2524B4C9580006100B /* StoreKit.framework */ = {isa = PBXFileReference; lastKnownFileType = wrapper.framework; name = StoreKit.framework; path = System/Library/Frameworks/StoreKit.framework; sourceTree = SDKROOT; };
		F644AE2724B4C9720006100B /* libsqlite3.tbd */ = {isa = PBXFileReference; lastKnownFileType = "sourcecode.text-based-dylib-definition"; name = libsqlite3.tbd; path = usr/lib/libsqlite3.tbd; sourceTree = SDKROOT; };
/* End PBXFileReference section */

/* Begin PBXFrameworksBuildPhase section */
		F644ADB824B2965D0006100B /* Frameworks */ = {
			isa = PBXFrameworksBuildPhase;
			buildActionMask = 2147483647;
			files = (
				F644AE2824B4C9730006100B /* libsqlite3.tbd in Frameworks */,
				F644AE2624B4C9580006100B /* StoreKit.framework in Frameworks */,
				F644AE0E24B2CAF20006100B /* GoogleDataTransport.xcframework in Frameworks */,
				F644AE0C24B2CAF20006100B /* FirebaseCore.xcframework in Frameworks */,
				F644AE1E24B2CDF20006100B /* PromisesObjC.xcframework in Frameworks */,
				F644AE0624B2CAF20006100B /* nanopb.xcframework in Frameworks */,
				F644AE0F24B2CAF20006100B /* FIRAnalyticsConnector.framework in Frameworks */,
				F644AE0D24B2CAF20006100B /* GoogleDataTransportCCTSupport.xcframework in Frameworks */,
				F644AE0724B2CAF20006100B /* GoogleAppMeasurement.framework in Frameworks */,
				F644AE0B24B2CAF20006100B /* FirebaseInstallations.xcframework in Frameworks */,
				F644AE0A24B2CAF20006100B /* FirebaseCoreDiagnostics.xcframework in Frameworks */,
				F644AE0924B2CAF20006100B /* FirebaseAnalytics.framework in Frameworks */,
				F644AE1A24B2CB3A0006100B /* GTMSessionFetcher.xcframework in Frameworks */,
				F6C5679A24CFFA2C00F9C182 /* SwiftLogFireCloud in Frameworks */,
				F644AE1024B2CAF20006100B /* GoogleUtilities.xcframework in Frameworks */,
				F644AE1924B2CB3A0006100B /* FirebaseStorage.xcframework in Frameworks */,
			);
			runOnlyForDeploymentPostprocessing = 0;
		};
/* End PBXFrameworksBuildPhase section */

/* Begin PBXGroup section */
		F644ADB224B2965D0006100B = {
			isa = PBXGroup;
			children = (
				F644ADBD24B2965D0006100B /* SwiftLogFireCloudExampleApp */,
				F644ADBC24B2965D0006100B /* Products */,
				F644AE2424B4C9580006100B /* Frameworks */,
			);
			sourceTree = "<group>";
		};
		F644ADBC24B2965D0006100B /* Products */ = {
			isa = PBXGroup;
			children = (
				F644ADBB24B2965D0006100B /* SwiftLogFireCloudExampleApp.app */,
			);
			name = Products;
			sourceTree = "<group>";
		};
		F644ADBD24B2965D0006100B /* SwiftLogFireCloudExampleApp */ = {
			isa = PBXGroup;
			children = (
				F644ADF924B2CA960006100B /* Firebase */,
				F644ADBE24B2965D0006100B /* AppDelegate.swift */,
				F644ADD524B2BEBE0006100B /* CloudFileUploader.swift */,
				F644ADC024B2965D0006100B /* SceneDelegate.swift */,
				F644ADC224B2965D0006100B /* ViewController.swift */,
				F644ADC424B2965D0006100B /* Main.storyboard */,
				F644ADC724B2965F0006100B /* Assets.xcassets */,
				F644ADC924B2965F0006100B /* LaunchScreen.storyboard */,
				F644ADCC24B2965F0006100B /* Info.plist */,
				F644ADD724B2C37E0006100B /* GoogleService-Info.plist */,
			);
			path = SwiftLogFireCloudExampleApp;
			sourceTree = "<group>";
		};
		F644ADF924B2CA960006100B /* Firebase */ = {
			isa = PBXGroup;
			children = (
				F644AE1D24B2CCB80006100B /* Firebase.h */,
				F644AE1B24B2CB540006100B /* module.modulemap */,
				F644AE1624B2CB3A0006100B /* FirebaseStorage */,
				F644ADFA24B2CAF20006100B /* FirebaseAnalytics */,
			);
			path = Firebase;
			sourceTree = "<group>";
		};
		F644ADFA24B2CAF20006100B /* FirebaseAnalytics */ = {
			isa = PBXGroup;
			children = (
				F644ADFB24B2CAF20006100B /* nanopb.xcframework */,
				F644ADFC24B2CAF20006100B /* GoogleAppMeasurement.framework */,
				F644ADFD24B2CAF20006100B /* PromisesObjC.xcframework */,
				F644ADFE24B2CAF20006100B /* FirebaseAnalytics.framework */,
				F644ADFF24B2CAF20006100B /* FirebaseCoreDiagnostics.xcframework */,
				F644AE0024B2CAF20006100B /* FirebaseInstallations.xcframework */,
				F644AE0124B2CAF20006100B /* FirebaseCore.xcframework */,
				F644AE0224B2CAF20006100B /* GoogleDataTransportCCTSupport.xcframework */,
				F644AE0324B2CAF20006100B /* GoogleDataTransport.xcframework */,
				F644AE0424B2CAF20006100B /* FIRAnalyticsConnector.framework */,
				F644AE0524B2CAF20006100B /* GoogleUtilities.xcframework */,
			);
			path = FirebaseAnalytics;
			sourceTree = "<group>";
		};
		F644AE1624B2CB3A0006100B /* FirebaseStorage */ = {
			isa = PBXGroup;
			children = (
				F644AE1724B2CB3A0006100B /* FirebaseStorage.xcframework */,
				F644AE1824B2CB3A0006100B /* GTMSessionFetcher.xcframework */,
			);
			path = FirebaseStorage;
			sourceTree = "<group>";
		};
		F644AE2424B4C9580006100B /* Frameworks */ = {
			isa = PBXGroup;
			children = (
				F644AE2724B4C9720006100B /* libsqlite3.tbd */,
				F644AE2524B4C9580006100B /* StoreKit.framework */,
			);
			name = Frameworks;
			sourceTree = "<group>";
		};
/* End PBXGroup section */

/* Begin PBXNativeTarget section */
		F644ADBA24B2965D0006100B /* SwiftLogFireCloudExampleApp */ = {
			isa = PBXNativeTarget;
			buildConfigurationList = F644ADCF24B2965F0006100B /* Build configuration list for PBXNativeTarget "SwiftLogFireCloudExampleApp" */;
			buildPhases = (
				F644ADB724B2965D0006100B /* Sources */,
				F644ADB824B2965D0006100B /* Frameworks */,
				F644ADB924B2965D0006100B /* Resources */,
			);
			buildRules = (
			);
			dependencies = (
			);
			name = SwiftLogFireCloudExampleApp;
			packageProductDependencies = (
				F6C5679924CFFA2C00F9C182 /* SwiftLogFireCloud */,
			);
			productName = SwiftLogFireCloudExampleApp;
			productReference = F644ADBB24B2965D0006100B /* SwiftLogFireCloudExampleApp.app */;
			productType = "com.apple.product-type.application";
		};
/* End PBXNativeTarget section */

/* Begin PBXProject section */
		F644ADB324B2965D0006100B /* Project object */ = {
			isa = PBXProject;
			attributes = {
				LastSwiftUpdateCheck = 1150;
				LastUpgradeCheck = 1150;
				ORGANIZATIONNAME = "Leisure Hound Sports, Inc";
				TargetAttributes = {
					F644ADBA24B2965D0006100B = {
						CreatedOnToolsVersion = 11.5;
					};
				};
			};
			buildConfigurationList = F644ADB624B2965D0006100B /* Build configuration list for PBXProject "SwiftLogFireCloudExampleApp" */;
			compatibilityVersion = "Xcode 9.3";
			developmentRegion = en;
			hasScannedForEncodings = 0;
			knownRegions = (
				en,
				Base,
			);
			mainGroup = F644ADB224B2965D0006100B;
			packageReferences = (
				F6C5679824CFFA2C00F9C182 /* XCRemoteSwiftPackageReference "" */,
			);
			productRefGroup = F644ADBC24B2965D0006100B /* Products */;
			projectDirPath = "";
			projectRoot = "";
			targets = (
				F644ADBA24B2965D0006100B /* SwiftLogFireCloudExampleApp */,
			);
		};
/* End PBXProject section */

/* Begin PBXResourcesBuildPhase section */
		F644ADB924B2965D0006100B /* Resources */ = {
			isa = PBXResourcesBuildPhase;
			buildActionMask = 2147483647;
			files = (
				F644ADCB24B2965F0006100B /* LaunchScreen.storyboard in Resources */,
				F644ADD824B2C37E0006100B /* GoogleService-Info.plist in Resources */,
				F644ADC824B2965F0006100B /* Assets.xcassets in Resources */,
				F644ADC624B2965D0006100B /* Main.storyboard in Resources */,
			);
			runOnlyForDeploymentPostprocessing = 0;
		};
/* End PBXResourcesBuildPhase section */

/* Begin PBXSourcesBuildPhase section */
		F644ADB724B2965D0006100B /* Sources */ = {
			isa = PBXSourcesBuildPhase;
			buildActionMask = 2147483647;
			files = (
				F644ADC324B2965D0006100B /* ViewController.swift in Sources */,
				F644ADD624B2BEBE0006100B /* CloudFileUploader.swift in Sources */,
				F644ADBF24B2965D0006100B /* AppDelegate.swift in Sources */,
				F644ADC124B2965D0006100B /* SceneDelegate.swift in Sources */,
			);
			runOnlyForDeploymentPostprocessing = 0;
		};
/* End PBXSourcesBuildPhase section */

/* Begin PBXVariantGroup section */
		F644ADC424B2965D0006100B /* Main.storyboard */ = {
			isa = PBXVariantGroup;
			children = (
				F644ADC524B2965D0006100B /* Base */,
			);
			name = Main.storyboard;
			sourceTree = "<group>";
		};
		F644ADC924B2965F0006100B /* LaunchScreen.storyboard */ = {
			isa = PBXVariantGroup;
			children = (
				F644ADCA24B2965F0006100B /* Base */,
			);
			name = LaunchScreen.storyboard;
			sourceTree = "<group>";
		};
/* End PBXVariantGroup section */

/* Begin XCBuildConfiguration section */
		F644ADCD24B2965F0006100B /* Debug */ = {
			isa = XCBuildConfiguration;
			buildSettings = {
				ALWAYS_SEARCH_USER_PATHS = NO;
				CLANG_ANALYZER_NONNULL = YES;
				CLANG_ANALYZER_NUMBER_OBJECT_CONVERSION = YES_AGGRESSIVE;
				CLANG_CXX_LANGUAGE_STANDARD = "gnu++14";
				CLANG_CXX_LIBRARY = "libc++";
				CLANG_ENABLE_MODULES = YES;
				CLANG_ENABLE_OBJC_ARC = YES;
				CLANG_ENABLE_OBJC_WEAK = YES;
				CLANG_WARN_BLOCK_CAPTURE_AUTORELEASING = YES;
				CLANG_WARN_BOOL_CONVERSION = YES;
				CLANG_WARN_COMMA = YES;
				CLANG_WARN_CONSTANT_CONVERSION = YES;
				CLANG_WARN_DEPRECATED_OBJC_IMPLEMENTATIONS = YES;
				CLANG_WARN_DIRECT_OBJC_ISA_USAGE = YES_ERROR;
				CLANG_WARN_DOCUMENTATION_COMMENTS = YES;
				CLANG_WARN_EMPTY_BODY = YES;
				CLANG_WARN_ENUM_CONVERSION = YES;
				CLANG_WARN_INFINITE_RECURSION = YES;
				CLANG_WARN_INT_CONVERSION = YES;
				CLANG_WARN_NON_LITERAL_NULL_CONVERSION = YES;
				CLANG_WARN_OBJC_IMPLICIT_RETAIN_SELF = YES;
				CLANG_WARN_OBJC_LITERAL_CONVERSION = YES;
				CLANG_WARN_OBJC_ROOT_CLASS = YES_ERROR;
				CLANG_WARN_RANGE_LOOP_ANALYSIS = YES;
				CLANG_WARN_STRICT_PROTOTYPES = YES;
				CLANG_WARN_SUSPICIOUS_MOVE = YES;
				CLANG_WARN_UNGUARDED_AVAILABILITY = YES_AGGRESSIVE;
				CLANG_WARN_UNREACHABLE_CODE = YES;
				CLANG_WARN__DUPLICATE_METHOD_MATCH = YES;
				COPY_PHASE_STRIP = NO;
				DEBUG_INFORMATION_FORMAT = dwarf;
				ENABLE_STRICT_OBJC_MSGSEND = YES;
				ENABLE_TESTABILITY = YES;
				GCC_C_LANGUAGE_STANDARD = gnu11;
				GCC_DYNAMIC_NO_PIC = NO;
				GCC_NO_COMMON_BLOCKS = YES;
				GCC_OPTIMIZATION_LEVEL = 0;
				GCC_PREPROCESSOR_DEFINITIONS = (
					"DEBUG=1",
					"$(inherited)",
				);
				GCC_WARN_64_TO_32_BIT_CONVERSION = YES;
				GCC_WARN_ABOUT_RETURN_TYPE = YES_ERROR;
				GCC_WARN_UNDECLARED_SELECTOR = YES;
				GCC_WARN_UNINITIALIZED_AUTOS = YES_AGGRESSIVE;
				GCC_WARN_UNUSED_FUNCTION = YES;
				GCC_WARN_UNUSED_VARIABLE = YES;
				IPHONEOS_DEPLOYMENT_TARGET = 13.5;
				MTL_ENABLE_DEBUG_INFO = INCLUDE_SOURCE;
				MTL_FAST_MATH = YES;
				ONLY_ACTIVE_ARCH = YES;
				SDKROOT = iphoneos;
				SWIFT_ACTIVE_COMPILATION_CONDITIONS = DEBUG;
				SWIFT_OPTIMIZATION_LEVEL = "-Onone";
			};
			name = Debug;
		};
		F644ADCE24B2965F0006100B /* Release */ = {
			isa = XCBuildConfiguration;
			buildSettings = {
				ALWAYS_SEARCH_USER_PATHS = NO;
				CLANG_ANALYZER_NONNULL = YES;
				CLANG_ANALYZER_NUMBER_OBJECT_CONVERSION = YES_AGGRESSIVE;
				CLANG_CXX_LANGUAGE_STANDARD = "gnu++14";
				CLANG_CXX_LIBRARY = "libc++";
				CLANG_ENABLE_MODULES = YES;
				CLANG_ENABLE_OBJC_ARC = YES;
				CLANG_ENABLE_OBJC_WEAK = YES;
				CLANG_WARN_BLOCK_CAPTURE_AUTORELEASING = YES;
				CLANG_WARN_BOOL_CONVERSION = YES;
				CLANG_WARN_COMMA = YES;
				CLANG_WARN_CONSTANT_CONVERSION = YES;
				CLANG_WARN_DEPRECATED_OBJC_IMPLEMENTATIONS = YES;
				CLANG_WARN_DIRECT_OBJC_ISA_USAGE = YES_ERROR;
				CLANG_WARN_DOCUMENTATION_COMMENTS = YES;
				CLANG_WARN_EMPTY_BODY = YES;
				CLANG_WARN_ENUM_CONVERSION = YES;
				CLANG_WARN_INFINITE_RECURSION = YES;
				CLANG_WARN_INT_CONVERSION = YES;
				CLANG_WARN_NON_LITERAL_NULL_CONVERSION = YES;
				CLANG_WARN_OBJC_IMPLICIT_RETAIN_SELF = YES;
				CLANG_WARN_OBJC_LITERAL_CONVERSION = YES;
				CLANG_WARN_OBJC_ROOT_CLASS = YES_ERROR;
				CLANG_WARN_RANGE_LOOP_ANALYSIS = YES;
				CLANG_WARN_STRICT_PROTOTYPES = YES;
				CLANG_WARN_SUSPICIOUS_MOVE = YES;
				CLANG_WARN_UNGUARDED_AVAILABILITY = YES_AGGRESSIVE;
				CLANG_WARN_UNREACHABLE_CODE = YES;
				CLANG_WARN__DUPLICATE_METHOD_MATCH = YES;
				COPY_PHASE_STRIP = NO;
				DEBUG_INFORMATION_FORMAT = "dwarf-with-dsym";
				ENABLE_NS_ASSERTIONS = NO;
				ENABLE_STRICT_OBJC_MSGSEND = YES;
				GCC_C_LANGUAGE_STANDARD = gnu11;
				GCC_NO_COMMON_BLOCKS = YES;
				GCC_WARN_64_TO_32_BIT_CONVERSION = YES;
				GCC_WARN_ABOUT_RETURN_TYPE = YES_ERROR;
				GCC_WARN_UNDECLARED_SELECTOR = YES;
				GCC_WARN_UNINITIALIZED_AUTOS = YES_AGGRESSIVE;
				GCC_WARN_UNUSED_FUNCTION = YES;
				GCC_WARN_UNUSED_VARIABLE = YES;
				IPHONEOS_DEPLOYMENT_TARGET = 13.5;
				MTL_ENABLE_DEBUG_INFO = NO;
				MTL_FAST_MATH = YES;
				SDKROOT = iphoneos;
				SWIFT_COMPILATION_MODE = wholemodule;
				SWIFT_OPTIMIZATION_LEVEL = "-O";
				VALIDATE_PRODUCT = YES;
			};
			name = Release;
		};
		F644ADD024B2965F0006100B /* Debug */ = {
			isa = XCBuildConfiguration;
			buildSettings = {
				ASSETCATALOG_COMPILER_APPICON_NAME = AppIcon;
				CODE_SIGN_STYLE = Automatic;
				DEVELOPMENT_TEAM = PAKU6K75M5;
				ENABLE_BITCODE = YES;
				FRAMEWORK_SEARCH_PATHS = (
					"$(inherited)",
					"$(PROJECT_DIR)/SwiftLogFireCloudExampleApp/Firebase/**",
				);
				"HEADER_SEARCH_PATHS[arch=*]" = "$(PROJECT_DIR)/SwiftLogFireCloudExampleApp/**";
				INFOPLIST_FILE = SwiftLogFireCloudExampleApp/Info.plist;
				LD_RUNPATH_SEARCH_PATHS = (
					"$(inherited)",
					"@executable_path/Frameworks",
				);
				"OTHER_LDFLAGS[arch=*]" = "-ObjC";
				PRODUCT_BUNDLE_IDENTIFIER = com.leisurehoundsports.SwiftLogFireCloudExampleApp;
				PRODUCT_NAME = "$(TARGET_NAME)";
				SWIFT_VERSION = 5.0;
				TARGETED_DEVICE_FAMILY = "1,2";
			};
			name = Debug;
		};
		F644ADD124B2965F0006100B /* Release */ = {
			isa = XCBuildConfiguration;
			buildSettings = {
				ASSETCATALOG_COMPILER_APPICON_NAME = AppIcon;
				CODE_SIGN_STYLE = Automatic;
				DEVELOPMENT_TEAM = PAKU6K75M5;
				ENABLE_BITCODE = YES;
				FRAMEWORK_SEARCH_PATHS = (
					"$(inherited)",
					"$(PROJECT_DIR)/SwiftLogFireCloudExampleApp/Firebase/**",
				);
				INFOPLIST_FILE = SwiftLogFireCloudExampleApp/Info.plist;
				LD_RUNPATH_SEARCH_PATHS = (
					"$(inherited)",
					"@executable_path/Frameworks",
				);
				"OTHER_LDFLAGS[arch=*]" = "-ObjC";
				PRODUCT_BUNDLE_IDENTIFIER = com.leisurehoundsports.SwiftLogFireCloudExampleApp;
				PRODUCT_NAME = "$(TARGET_NAME)";
				SWIFT_VERSION = 5.0;
				TARGETED_DEVICE_FAMILY = "1,2";
			};
			name = Release;
		};
/* End XCBuildConfiguration section */

/* Begin XCConfigurationList section */
		F644ADB624B2965D0006100B /* Build configuration list for PBXProject "SwiftLogFireCloudExampleApp" */ = {
			isa = XCConfigurationList;
			buildConfigurations = (
				F644ADCD24B2965F0006100B /* Debug */,
				F644ADCE24B2965F0006100B /* Release */,
			);
			defaultConfigurationIsVisible = 0;
			defaultConfigurationName = Release;
		};
		F644ADCF24B2965F0006100B /* Build configuration list for PBXNativeTarget "SwiftLogFireCloudExampleApp" */ = {
			isa = XCConfigurationList;
			buildConfigurations = (
				F644ADD024B2965F0006100B /* Debug */,
				F644ADD124B2965F0006100B /* Release */,
			);
			defaultConfigurationIsVisible = 0;
			defaultConfigurationName = Release;
		};
/* End XCConfigurationList section */

/* Begin XCRemoteSwiftPackageReference section */
		F6C5679824CFFA2C00F9C182 /* XCRemoteSwiftPackageReference "" */ = {
			isa = XCRemoteSwiftPackageReference;
			repositoryURL = "file:///Users/timothywise/development/SwiftLogFireCloud/.git";
			requirement = {
				branch = master;
				kind = branch;
			};
		};
/* End XCRemoteSwiftPackageReference section */

/* Begin XCSwiftPackageProductDependency section */
		F6C5679924CFFA2C00F9C182 /* SwiftLogFireCloud */ = {
			isa = XCSwiftPackageProductDependency;
			package = F6C5679824CFFA2C00F9C182 /* XCRemoteSwiftPackageReference "" */;
			productName = SwiftLogFireCloud;
		};
/* End XCSwiftPackageProductDependency section */
	};
	rootObject = F644ADB324B2965D0006100B /* Project object */;
}
